// !$*UTF8*$!
{
	archiveVersion = 1;
	classes = {
	};
	objectVersion = 42;
	objects = {

/* Begin PBXBuildFile section */
		8DD76F650486A84900D96B5E /* main.cpp in Sources */ = {isa = PBXBuildFile; fileRef = 08FB7796FE84155DC02AAC07 /* main.cpp */; settings = {ATTRIBUTES = (); }; };
		8DD76F6A0486A84900D96B5E /* ConvexHull.1 in CopyFiles */ = {isa = PBXBuildFile; fileRef = C6859E8B029090EE04C91782 /* ConvexHull.1 */; };
		A1B745430CCF7603000A6CFB /* convexhull.cpp in Sources */ = {isa = PBXBuildFile; fileRef = A1B745410CCF7603000A6CFB /* convexhull.cpp */; };
/* End PBXBuildFile section */

/* Begin PBXCopyFilesBuildPhase section */
		8DD76F690486A84900D96B5E /* CopyFiles */ = {
			isa = PBXCopyFilesBuildPhase;
			buildActionMask = 8;
			dstPath = /usr/share/man/man1/;
			dstSubfolderSpec = 0;
			files = (
				8DD76F6A0486A84900D96B5E /* ConvexHull.1 in CopyFiles */,
			);
			runOnlyForDeploymentPostprocessing = 1;
		};
/* End PBXCopyFilesBuildPhase section */

/* Begin PBXFileReference section */
		08FB7796FE84155DC02AAC07 /* main.cpp */ = {isa = PBXFileReference; fileEncoding = 4; lastKnownFileType = sourcecode.cpp.cpp; path = main.cpp; sourceTree = "<group>"; };
		8DD76F6C0486A84900D96B5E /* ConvexHull */ = {isa = PBXFileReference; explicitFileType = "compiled.mach-o.executable"; includeInIndex = 0; path = ConvexHull; sourceTree = BUILT_PRODUCTS_DIR; };
		A1B745410CCF7603000A6CFB /* convexhull.cpp */ = {isa = PBXFileReference; fileEncoding = 4; lastKnownFileType = sourcecode.cpp.cpp; path = convexhull.cpp; sourceTree = "<group>"; };
		A1FD987E0CF1F00000618E08 /* convexhull.h */ = {isa = PBXFileReference; fileEncoding = 4; lastKnownFileType = sourcecode.c.h; path = convexhull.h; sourceTree = "<group>"; };
		C6859E8B029090EE04C91782 /* ConvexHull.1 */ = {isa = PBXFileReference; lastKnownFileType = text.man; path = ConvexHull.1; sourceTree = "<group>"; };
/* End PBXFileReference section */

/* Begin PBXFrameworksBuildPhase section */
		8DD76F660486A84900D96B5E /* Frameworks */ = {
			isa = PBXFrameworksBuildPhase;
			buildActionMask = 2147483647;
			files = (
			);
			runOnlyForDeploymentPostprocessing = 0;
		};
/* End PBXFrameworksBuildPhase section */

/* Begin PBXGroup section */
		08FB7794FE84155DC02AAC07 /* ConvexHull */ = {
			isa = PBXGroup;
			children = (
				08FB7795FE84155DC02AAC07 /* Source */,
				C6859E8C029090F304C91782 /* Documentation */,
				1AB674ADFE9D54B511CA2CBB /* Products */,
			);
			comments = "-std=gnu89";
			name = ConvexHull;
			sourceTree = "<group>";
		};
		08FB7795FE84155DC02AAC07 /* Source */ = {
			isa = PBXGroup;
			children = (
				A1FD987E0CF1F00000618E08 /* convexhull.h */,
				08FB7796FE84155DC02AAC07 /* main.cpp */,
				A1B745410CCF7603000A6CFB /* convexhull.cpp */,
			);
			name = Source;
			sourceTree = "<group>";
		};
		1AB674ADFE9D54B511CA2CBB /* Products */ = {
			isa = PBXGroup;
			children = (
				8DD76F6C0486A84900D96B5E /* ConvexHull */,
			);
			name = Products;
			sourceTree = "<group>";
		};
		C6859E8C029090F304C91782 /* Documentation */ = {
			isa = PBXGroup;
			children = (
				C6859E8B029090EE04C91782 /* ConvexHull.1 */,
			);
			name = Documentation;
			sourceTree = "<group>";
		};
/* End PBXGroup section */

/* Begin PBXNativeTarget section */
		8DD76F620486A84900D96B5E /* ConvexHull */ = {
			isa = PBXNativeTarget;
			buildConfigurationList = 1DEB923108733DC60010E9CD /* Build configuration list for PBXNativeTarget "ConvexHull" */;
			buildPhases = (
				8DD76F640486A84900D96B5E /* Sources */,
				8DD76F660486A84900D96B5E /* Frameworks */,
				8DD76F690486A84900D96B5E /* CopyFiles */,
			);
			buildRules = (
			);
			dependencies = (
			);
			name = ConvexHull;
			productInstallPath = "$(HOME)/bin";
			productName = ConvexHull;
			productReference = 8DD76F6C0486A84900D96B5E /* ConvexHull */;
			productType = "com.apple.product-type.tool";
		};
/* End PBXNativeTarget section */

/* Begin PBXProject section */
		08FB7793FE84155DC02AAC07 /* Project object */ = {
			isa = PBXProject;
			buildConfigurationList = 1DEB923508733DC60010E9CD /* Build configuration list for PBXProject "ConvexHull" */;
			compatibilityVersion = "Xcode 2.4";
			hasScannedForEncodings = 1;
			mainGroup = 08FB7794FE84155DC02AAC07 /* ConvexHull */;
			projectDirPath = "";
			projectRoot = "";
			targets = (
				8DD76F620486A84900D96B5E /* ConvexHull */,
			);
		};
/* End PBXProject section */

/* Begin PBXSourcesBuildPhase section */
		8DD76F640486A84900D96B5E /* Sources */ = {
			isa = PBXSourcesBuildPhase;
			buildActionMask = 2147483647;
			files = (
				8DD76F650486A84900D96B5E /* main.cpp in Sources */,
				A1B745430CCF7603000A6CFB /* convexhull.cpp in Sources */,
			);
			runOnlyForDeploymentPostprocessing = 0;
		};
/* End PBXSourcesBuildPhase section */

/* Begin XCBuildConfiguration section */
		1DEB923208733DC60010E9CD /* Debug */ = {
			isa = XCBuildConfiguration;
			buildSettings = {
				COPY_PHASE_STRIP = NO;
				GCC_DYNAMIC_NO_PIC = NO;
				GCC_ENABLE_FIX_AND_CONTINUE = YES;
				GCC_MODEL_TUNING = G5;
				GCC_OPTIMIZATION_LEVEL = 0;
				INSTALL_PATH = "$(HOME)/bin";
				PRODUCT_NAME = ConvexHull;
				ZERO_LINK = YES;
			};
			name = Debug;
		};
		1DEB923308733DC60010E9CD /* Release */ = {
			isa = XCBuildConfiguration;
			buildSettings = {
				ARCHS = (
					ppc,
					i386,
				);
				GCC_GENERATE_DEBUGGING_SYMBOLS = NO;
				GCC_MODEL_TUNING = G5;
				INSTALL_PATH = "$(HOME)/bin";
				PRODUCT_NAME = ConvexHull;
			};
			name = Release;
		};
		1DEB923608733DC60010E9CD /* Debug */ = {
			isa = XCBuildConfiguration;
			buildSettings = {
				ARCHS = "$(NATIVE_ARCH_32_BIT)";
				DEAD_CODE_STRIPPING = YES;
				DYLIB_COMPATIBILITY_VERSION = "";
				GCC_ENABLE_FIX_AND_CONTINUE = YES;
				GCC_INSTRUMENT_PROGRAM_FLOW_ARCS = NO;
				GCC_PRECOMPILE_PREFIX_HEADER = YES;
				GCC_WARN_ABOUT_MISSING_PROTOTYPES = YES;
				GCC_WARN_ABOUT_RETURN_TYPE = YES;
				GCC_WARN_EFFECTIVE_CPLUSPLUS_VIOLATIONS = YES;
				GCC_WARN_MISSING_PARENTHESES = YES;
				GCC_WARN_TYPECHECK_CALLS_TO_PRINTF = YES;
				GCC_WARN_UNUSED_FUNCTION = YES;
				GCC_WARN_UNUSED_LABEL = NO;
				GCC_WARN_UNUSED_VALUE = YES;
				GCC_WARN_UNUSED_VARIABLE = YES;
				PREBINDING = NO;
				SDKROOT = /Developer/SDKs/MacOSX10.4u.sdk;
				STANDARD_C_PLUS_PLUS_LIBRARY_TYPE = dynamic;
			};
			name = Debug;
		};
		1DEB923708733DC60010E9CD /* Release */ = {
			isa = XCBuildConfiguration;
			buildSettings = {
				DEAD_CODE_STRIPPING = YES;
				DYLIB_COMPATIBILITY_VERSION = "";
				GCC_WARN_ABOUT_RETURN_TYPE = YES;
				GCC_WARN_UNUSED_VARIABLE = YES;
				PREBINDING = NO;
				SDKROOT = /Developer/SDKs/MacOSX10.4u.sdk;
				STANDARD_C_PLUS_PLUS_LIBRARY_TYPE = dynamic;
			};
			name = Release;
		};
		A10243450CE761490015E3C8 /* Completely anal Release */ = {
			isa = XCBuildConfiguration;
			buildSettings = {
				DEAD_CODE_STRIPPING = YES;
				DYLIB_COMPATIBILITY_VERSION = "";
				GCC_GENERATE_DEBUGGING_SYMBOLS = NO;
				GCC_TREAT_IMPLICIT_FUNCTION_DECLARATIONS_AS_ERRORS = YES;
				GCC_TREAT_NONCONFORMANT_CODE_ERRORS_AS_WARNINGS = YES;
				GCC_TREAT_WARNINGS_AS_ERRORS = YES;
				GCC_WARN_64_TO_32_BIT_CONVERSION = YES;
				GCC_WARN_ABOUT_MISSING_NEWLINE = YES;
				GCC_WARN_ABOUT_MISSING_PROTOTYPES = YES;
				GCC_WARN_ABOUT_RETURN_TYPE = YES;
				GCC_WARN_EFFECTIVE_CPLUSPLUS_VIOLATIONS = YES;
				GCC_WARN_FOUR_CHARACTER_CONSTANTS = YES;
				GCC_WARN_HIDDEN_VIRTUAL_FUNCTIONS = YES;
				GCC_WARN_INHIBIT_ALL_WARNINGS = NO;
				GCC_WARN_INITIALIZER_NOT_FULLY_BRACKETED = YES;
				GCC_WARN_MISSING_PARENTHESES = YES;
				GCC_WARN_NON_VIRTUAL_DESTRUCTOR = YES;
				GCC_WARN_PEDANTIC = YES;
				GCC_WARN_PROTOTYPE_CONVERSION = YES;
				GCC_WARN_SHADOW = YES;
				GCC_WARN_SIGN_COMPARE = YES;
				GCC_WARN_TYPECHECK_CALLS_TO_PRINTF = YES;
				GCC_WARN_UNINITIALIZED_AUTOS = YES;
				GCC_WARN_UNKNOWN_PRAGMAS = YES;
				GCC_WARN_UNUSED_FUNCTION = YES;
				GCC_WARN_UNUSED_LABEL = YES;
				GCC_WARN_UNUSED_PARAMETER = YES;
				GCC_WARN_UNUSED_VALUE = YES;
				GCC_WARN_UNUSED_VARIABLE = YES;
				PREBINDING = NO;
				SDKROOT = /Developer/SDKs/MacOSX10.4u.sdk;
				STANDARD_C_PLUS_PLUS_LIBRARY_TYPE = dynamic;
				STRIPFLAGS = "";
			};
			name = "Completely anal Release";
		};
		A10243460CE761490015E3C8 /* Completely anal Release */ = {
			isa = XCBuildConfiguration;
			buildSettings = {
				ARCHS = (
					ppc,
					i386,
				);
				GCC_GENERATE_DEBUGGING_SYMBOLS = NO;
				GCC_MODEL_TUNING = G5;
				INSTALL_PATH = "$(HOME)/bin";
				PRODUCT_NAME = ConvexHull;
			};
			name = "Completely anal Release";
		};
/* End XCBuildConfiguration section */

/* Begin XCConfigurationList section */
		1DEB923108733DC60010E9CD /* Build configuration list for PBXNativeTarget "ConvexHull" */ = {
			isa = XCConfigurationList;
			buildConfigurations = (
				1DEB923208733DC60010E9CD /* Debug */,
				1DEB923308733DC60010E9CD /* Release */,
				A10243460CE761490015E3C8 /* Completely anal Release */,
			);
			defaultConfigurationIsVisible = 0;
			defaultConfigurationName = Release;
		};
		1DEB923508733DC60010E9CD /* Build configuration list for PBXProject "ConvexHull" */ = {
			isa = XCConfigurationList;
			buildConfigurations = (
				1DEB923608733DC60010E9CD /* Debug */,
				1DEB923708733DC60010E9CD /* Release */,
				A10243450CE761490015E3C8 /* Completely anal Release */,
			);
			defaultConfigurationIsVisible = 0;
			defaultConfigurationName = Release;
		};
/* End XCConfigurationList section */
	};
	rootObject = 08FB7793FE84155DC02AAC07 /* Project object */;
}
